# This file is autogenerated, do not edit; changes may be undone by the next 'dep ensure'.


[[projects]]
  digest = "1:e7bcf854fc370f40236cfb2bb3c4c2982d874819132eaa73df3fac9f46c260ad"
  name = "cloud.google.com/go"
  packages = [
    "compute/metadata",
    "internal/version",
    "profiler",
  ]
  pruneopts = "UT"
  revision = "29f476ffa9c4cd4fd14336b6043090ac1ad76733"
  version = "v0.21.0"

[[projects]]
  digest = "1:9f3b30d9f8e0d7040f729b82dcbc8f0dead820a133b3147ce355fc451f32d761"
  name = "github.com/BurntSushi/toml"
  packages = ["."]
  pruneopts = "UT"
  revision = "3012a1dbe2e4bd1391d42b32f0577cb7bbc7f005"
  version = "v0.3.1"

[[projects]]
  digest = "1:70c58e48f4d2ec890eb5e2e542cb048075f5bbb9fea5260d0f41946ba61cb7ab"
  name = "github.com/DataDog/datadog-go"
  packages = ["statsd"]
  pruneopts = "UT"
  revision = "7390717cee3032a3124e7a3de3fc6f50f1e6f0e3"
  version = "v2.3.0"

[[projects]]
  branch = "master"
  digest = "1:125f098c5294814b5d9ce2194f03a435c35a6208f029e61681bed9a893d68133"
  name = "github.com/alecthomas/template"
  packages = [
    ".",
    "parse",
  ]
  pruneopts = "UT"
  revision = "fb15b899a75114aa79cc930e33c46b577cc664b1"

[[projects]]
  branch = "master"
  digest = "1:f780e2e814981de9dbdc2ca49d6c91d4aa4e2a1639ebc4106fafb0dc54fa5bd8"
  name = "github.com/alecthomas/units"
  packages = ["."]
  pruneopts = "UT"
  revision = "f65c72e2690dc4b403c8bd637baf4611cd4c069b"

[[projects]]
  branch = "master"
  digest = "1:3d0125a0d08fe02a117cde46645df86f98ea33761052645baaf2bcdfb5369921"
  name = "github.com/alicebob/gopher-json"
  packages = ["."]
  pruneopts = "UT"
  revision = "a9ecdc9d1d3afa52b1f21db0ed0b568152d74cab"

[[projects]]
  digest = "1:7e00c4894ec4805e2a71bd368ddbc0cba52c959f5cf3d032a8d3a9c8d8d01050"
  name = "github.com/alicebob/miniredis"
  packages = [
    ".",
    "server",
  ]
  pruneopts = "UT"
  revision = "3d7aa1333af56ab862d446678d93aaa6803e0938"
  version = "v2.7.0"

[[projects]]
  digest = "1:6259108f909606ed47d4eacbe1b4e3f1f26121b7868daff6ac005e912eafdd67"
  name = "github.com/bsm/redislock"
  packages = ["."]
  pruneopts = "UT"
  revision = "3d76f17a9f1e22d11521f78267ce1795641ae596"
  version = "v0.4.3"

[[projects]]
  digest = "1:09bf6560a6a90532845a1a92d92e65d2b376bb8962ab2b41654bbf6dc6b66ff4"
  name = "github.com/cncf/udpa"
  packages = ["go/udpa/annotations"]
  pruneopts = "UT"
  revision = "efcf912fb35470672231c7b7bef620f3d17f655a"
  version = "v0.0.1"

[[projects]]
  digest = "1:ffe9824d294da03b391f44e1ae8281281b4afc1bdaa9588c9097785e3af10cec"
  name = "github.com/davecgh/go-spew"
  packages = ["spew"]
  pruneopts = "UT"
  revision = "8991bc29aa16c548c550c7ff78260e27b9ab7c73"
  version = "v1.1.1"

[[projects]]
  digest = "1:7a1674e2d5c7ac68ecd7bb254e16bc40399ddae6421ad5c012bcd833ff7473dd"
  name = "github.com/envoyproxy/go-control-plane"
  packages = [
    "envoy/annotations",
    "envoy/api/v2/core",
    "envoy/api/v2/ratelimit",
    "envoy/service/ratelimit/v2",
    "envoy/type",
    "envoy/type/matcher",
  ]
  pruneopts = "UT"
  revision = "85b812480e00a639bc5885ea919353f2114f2d67"
  version = "v0.9.7"

[[projects]]
  digest = "1:3c6f17df6f34f39a78669e22f52832c210f8bcbfa25c66d2d7b1d92638436406"
  name = "github.com/envoyproxy/protoc-gen-validate"
  packages = ["validate"]
  pruneopts = "UT"
  revision = "e020f3aef8ae6cb59f384bfbaaed72e71e88ccd6"
  version = "v0.4.1"

[[projects]]
  digest = "1:456f515a80bcc5c5d99beaee2dcb0d0598b6d4d02df804ac958f0e6e51d8e8d5"
  name = "github.com/go-redis/redis"
  packages = [
    ".",
    "internal",
    "internal/consistenthash",
    "internal/hashtag",
    "internal/pool",
    "internal/proto",
    "internal/util",
  ]
  pruneopts = "UT"
  revision = "16ab0f2ac309166bfef5cde51742f84c61c1e73c"
  version = "v6.15.9"

[[projects]]
  branch = "master"
  digest = "1:b7cb6054d3dff43b38ad2e92492f220f57ae6087ee797dca298139776749ace8"
  name = "github.com/golang/groupcache"
  packages = ["lru"]
  pruneopts = "UT"
  revision = "8c9f03a8e57eb486e42badaed3fb287da51807ba"

[[projects]]
  digest = "1:f58e156dbf30c0733809bb4e603caa97d416509d73225a97aa8469185ceb2ac7"
  name = "github.com/golang/protobuf"
  packages = [
    "internal/gengogrpc",
    "proto",
    "protoc-gen-go",
    "protoc-gen-go/descriptor",
    "ptypes",
    "ptypes/any",
    "ptypes/duration",
    "ptypes/empty",
    "ptypes/struct",
    "ptypes/timestamp",
    "ptypes/wrappers",
  ]
  pruneopts = "UT"
  revision = "d04d7b157bb510b1e0c10132224b616ac0e26b17"
  version = "v1.4.2"

[[projects]]
  digest = "1:38ec74012390146c45af1f92d46e5382b50531247929ff3a685d2b2be65155ac"
  name = "github.com/gomodule/redigo"
  packages = [
    "internal",
    "redis",
  ]
  pruneopts = "UT"
  revision = "9c11da706d9b7902c6da69c592f75637793fe121"
  version = "v2.0.0"

[[projects]]
  digest = "1:2e3c336fc7fde5c984d2841455a658a6d626450b1754a854b3b32e7a8f49a07a"
  name = "github.com/google/go-cmp"
  packages = [
    "cmp",
    "cmp/internal/diff",
    "cmp/internal/function",
    "cmp/internal/value",
  ]
  pruneopts = "UT"
  revision = "3af367b6b30c263d47e8895973edcca9a49cf029"
  version = "v0.2.0"

[[projects]]
  branch = "master"
  digest = "1:7f49181edc3aa34ec3145a0050ce4af901a9c3238774f362784ce39227bc1f3a"
  name = "github.com/google/pprof"
  packages = ["profile"]
  pruneopts = "UT"
  revision = "29d1258514b03b7743e035410010b7403c2b3b26"

[[projects]]
  digest = "1:4f880e8e7ff8803aab4bcf2c479eb766435f7decaa1edf080d8f2bf56668de1d"
  name = "github.com/googleapis/gax-go"
  packages = [
    ".",
    "v2",
  ]
  pruneopts = "UT"
  revision = "bd5b16380fd03dc758d11cef74ba2e3bc8b0e8c2"
  version = "v2.0.5"

[[projects]]
  digest = "1:e631368e174090a276fc00b48283f92ac4ccfbbb1945bcfcee083f5f9210dc00"
  name = "github.com/hashicorp/golang-lru"
  packages = [
    ".",
    "simplelru",
  ]
  pruneopts = "UT"
  revision = "14eae340515388ca95aa8e7b86f0de668e981f54"
  version = "v0.5.4"

[[projects]]
  digest = "1:cf31692c14422fa27c83a05292eb5cbe0fb2775972e8f1f8446a71549bd8980b"
  name = "github.com/pkg/errors"
  packages = ["."]
  pruneopts = "UT"
  revision = "ba968bfe8b2f7e042a574c888954fccecfa385b4"
  version = "v0.8.1"

[[projects]]
  digest = "1:1760ee71834b3d0c59ffb6e0f9444fb68aec64bd6630b99b349fb111f74022fa"
  name = "github.com/sirupsen/logrus"
  packages = ["."]
  pruneopts = "UT"
  revision = "6699a89a232f3db797f2e280639854bbc4b89725"
  version = "v1.7.0"

[[projects]]
  branch = "master"
  digest = "1:01a26748dccc17527154b3fd4410159a1bf106c7b328460819736d3872d76ae8"
  name = "github.com/yuin/gopher-lua"
  packages = [
    ".",
    "ast",
    "parse",
    "pm",
  ]
  pruneopts = "UT"
  revision = "ee81675732da08c6c96265e65c88ef410081bfc0"

[[projects]]
  digest = "1:1b535664af1ce1309e217760f8d50a7cdb75df692d3a4585a89a51812ef5a266"
  name = "go.opencensus.io"
  packages = [
    ".",
    "internal",
    "internal/tagencoding",
    "metric/metricdata",
    "metric/metricproducer",
    "plugin/ocgrpc",
    "resource",
    "stats",
    "stats/internal",
    "stats/view",
    "tag",
    "trace",
    "trace/internal",
    "trace/propagation",
    "trace/tracestate",
  ]
  pruneopts = "UT"
  revision = "5fa069b99bc903d713add0295c7e0a55d34ae573"
  version = "v0.22.4"

[[projects]]
  branch = "master"
  digest = "1:b1444bc98b5838c3116ed23e231fee4fa8509f975abd96e5d9e67e572dd01604"
  name = "golang.org/x/exp"
  packages = [
    "apidiff",
    "cmd/apidiff",
  ]
  pruneopts = "UT"
  revision = "c827fd4f18b9f31f0f90e954ffcf1b6a562ce30a"

[[projects]]
  branch = "master"
  digest = "1:3403849330a8ab0adfff079dc6c6ad7bd8961a4a6891d05b9797063b4024f623"
  name = "golang.org/x/lint"
  packages = [
    ".",
    "golint",
  ]
  pruneopts = "UT"
  revision = "738671d3881b9731cc63024d5d88cf28db875626"

[[projects]]
  digest = "1:467bb8fb8fa786448b8d486cd0bb7c1a5577dcd7310441aa02a20110cd9f727d"
  name = "golang.org/x/mod"
  packages = [
    "module",
    "semver",
  ]
  pruneopts = "UT"
  revision = "859b3ef565e237f9f1a0fb6b55385c497545680d"
  version = "v0.3.0"

[[projects]]
  branch = "master"
  digest = "1:19a71f566779a89faad810c877a6393e934618f45c51fd2675a67627e4f9054a"
  name = "golang.org/x/net"
  packages = [
    "context",
    "context/ctxhttp",
    "http/httpguts",
    "http2",
    "http2/hpack",
    "idna",
    "internal/timeseries",
    "trace",
  ]
  pruneopts = "UT"
  revision = "a7d1128ccaa05167332a625f69773af1a0c6b39c"

[[projects]]
  branch = "master"
  digest = "1:13440f3604489fc83b51a4022efc6fd7a29888c262a4a915362e65d08cf94b76"
  name = "golang.org/x/oauth2"
  packages = [
    ".",
    "google",
    "internal",
    "jws",
    "jwt",
  ]
  pruneopts = "UT"
  revision = "5d25da1a8d43b66f2898c444f899c7bcfd6a407e"

[[projects]]
  branch = "master"
  digest = "1:0f8c7660821796ffd401a177c2b65dc460d9ea72616e367b65e86e059fb4f130"
  name = "golang.org/x/sys"
  packages = [
    "internal/unsafeheader",
    "unix",
    "windows",
  ]
  pruneopts = "UT"
  revision = "ac719f4daadf9a497a732e2461f70b8720a0287c"

[[projects]]
  digest = "1:fa940333c48808b0d86ef21f412ffcfd0e5084a82f13905c028a404803b1908f"
  name = "golang.org/x/text"
  packages = [
    "collate",
    "collate/build",
    "internal/colltab",
    "internal/gen",
    "internal/language",
    "internal/language/compact",
    "internal/tag",
    "internal/triegen",
    "internal/ucd",
    "language",
    "secure/bidirule",
    "transform",
    "unicode/bidi",
    "unicode/cldr",
    "unicode/norm",
    "unicode/rangetable",
  ]
  pruneopts = "UT"
  revision = "23ae387dee1f90d29a23c0e87ee0b46038fbed0e"
  version = "v0.3.3"

[[projects]]
  branch = "master"
  digest = "1:db8212ab60de269655492d46fd8064699b45c3802f0424ad9f58aaa77b2966d9"
  name = "golang.org/x/tools"
  packages = [
    "cmd/goimports",
    "go/analysis",
    "go/analysis/passes/inspect",
    "go/ast/astutil",
    "go/ast/inspector",
    "go/buildutil",
    "go/gcexportdata",
    "go/internal/cgo",
    "go/internal/gcimporter",
    "go/internal/packagesdriver",
    "go/loader",
    "go/packages",
    "go/types/objectpath",
    "go/types/typeutil",
    "internal/analysisinternal",
    "internal/event",
    "internal/event/core",
    "internal/event/keys",
    "internal/event/label",
    "internal/fastwalk",
    "internal/gocommand",
    "internal/gopathwalk",
    "internal/imports",
    "internal/lsp/fuzzy",
    "internal/packagesinternal",
    "internal/typesinternal",
  ]
  pruneopts = "UT"
  revision = "23a3aa10a23ce7f9a01e441b2f451a918d5e1546"

[[projects]]
  branch = "master"
  digest = "1:918a46e4a2fb83df33f668f5a6bd51b2996775d073fce1800d3ec01b0a5ddd2b"
  name = "golang.org/x/xerrors"
  packages = [
    ".",
    "internal",
  ]
  pruneopts = "UT"
  revision = "5ec99f83aff198f5fbd629d6c8d8eb38a04218ca"

[[projects]]
  digest = "1:54af59289cf97cbac67074f039a131047439df137aaf94cf4fbef4a22dbe3fcf"
  name = "google.golang.org/api"
  packages = [
    "internal",
    "internal/impersonate",
    "option",
    "transport/grpc",
  ]
  pruneopts = "UT"
  revision = "c0067489eddd6a0c8aad7c6f9ac0ebd946c0f3d8"
  version = "v0.32.0"

[[projects]]
  digest = "1:9a3c550c85a5a62ccc4cadd8525497b99554094a1adecc560c97bebc231ca81b"
  name = "google.golang.org/appengine"
  packages = [
    ".",
    "internal",
    "internal/app_identity",
    "internal/base",
    "internal/datastore",
    "internal/log",
    "internal/modules",
    "internal/remote_api",
    "internal/socket",
    "internal/urlfetch",
    "socket",
    "urlfetch",
  ]
  pruneopts = "UT"
  revision = "553959209a20f3be281c16dd5be5c740a893978f"
  version = "v1.6.6"

[[projects]]
  branch = "master"
  digest = "1:57b4dbd0e6c0fbf828eb6d38bcc2c2af8ed72728bb830a6b923ed54286e9c836"
  name = "google.golang.org/genproto"
  packages = [
    "googleapis/api/annotations",
    "googleapis/devtools/cloudprofiler/v2",
    "googleapis/rpc/errdetails",
    "googleapis/rpc/status",
  ]
  pruneopts = "UT"
  revision = "bcad7cf615f2882612cb74477f2a79e894de6dee"

[[projects]]
  digest = "1:7b923348a15870a9e6fb525955d258b277afe971bf8fbfc91171d98beeefc4d1"
  name = "google.golang.org/grpc"
  packages = [
    ".",
    "attributes",
    "backoff",
    "balancer",
    "balancer/base",
    "balancer/grpclb",
    "balancer/grpclb/grpc_lb_v1",
    "balancer/grpclb/state",
    "balancer/roundrobin",
    "binarylog/grpc_binarylog_v1",
    "codes",
    "connectivity",
    "credentials",
    "credentials/alts",
    "credentials/alts/internal",
    "credentials/alts/internal/authinfo",
    "credentials/alts/internal/conn",
    "credentials/alts/internal/handshaker",
    "credentials/alts/internal/handshaker/service",
    "credentials/alts/internal/proto/grpc_gcp",
    "credentials/google",
    "credentials/oauth",
    "encoding",
    "encoding/proto",
    "grpclog",
    "internal",
    "internal/backoff",
    "internal/balancerload",
    "internal/binarylog",
    "internal/buffer",
    "internal/channelz",
    "internal/credentials",
    "internal/envconfig",
    "internal/grpclog",
    "internal/grpcrand",
    "internal/grpcsync",
    "internal/grpcutil",
    "internal/resolver/dns",
    "internal/resolver/passthrough",
    "internal/serviceconfig",
    "internal/status",
    "internal/syscall",
    "internal/transport",
    "keepalive",
    "metadata",
    "peer",
    "reflection",
    "reflection/grpc_reflection_v1alpha",
    "resolver",
    "serviceconfig",
    "stats",
    "status",
    "tap",
  ]
  pruneopts = "UT"
  revision = "5e8f83304c0563d1ba74db05fee83d9c18ab9a58"
  version = "v1.32.0"

[[projects]]
  digest = "1:a794d2f44acd5581c6b2b08d8ee467ad34a92768575d00d4eb7c49d0b0e8c455"
  name = "google.golang.org/protobuf"
  packages = [
    "cmd/protoc-gen-go/internal_gengo",
    "compiler/protogen",
    "encoding/protojson",
    "encoding/prototext",
    "encoding/protowire",
    "internal/descfmt",
    "internal/descopts",
    "internal/detrand",
    "internal/encoding/defval",
    "internal/encoding/json",
    "internal/encoding/messageset",
    "internal/encoding/tag",
    "internal/encoding/text",
    "internal/errors",
    "internal/fieldsort",
    "internal/filedesc",
    "internal/filetype",
    "internal/flags",
    "internal/genid",
    "internal/impl",
    "internal/mapsort",
    "internal/pragma",
    "internal/set",
    "internal/strs",
    "internal/version",
    "proto",
    "reflect/protodesc",
    "reflect/protoreflect",
    "reflect/protoregistry",
    "runtime/protoiface",
    "runtime/protoimpl",
    "types/descriptorpb",
    "types/known/anypb",
    "types/known/durationpb",
    "types/known/emptypb",
    "types/known/fieldmaskpb",
    "types/known/structpb",
    "types/known/timestamppb",
    "types/known/wrapperspb",
    "types/pluginpb",
  ]
  pruneopts = "UT"
  revision = "3f7a61f89bb6813f89d981d1870ed68da0b3c3f1"
  version = "v1.25.0"

[[projects]]
  digest = "1:c06d9e11d955af78ac3bbb26bd02e01d2f61f689e1a3bce2ef6fb683ef8a7f2d"
  name = "gopkg.in/alecthomas/kingpin.v2"
  packages = ["."]
  pruneopts = "UT"
  revision = "947dcec5ba9c011838740e680966fd7087a71d0d"
  version = "v2.2.6"

[[projects]]
  digest = "1:d7f1bd887dc650737a421b872ca883059580e9f8314d601f88025df4f4802dce"
  name = "gopkg.in/yaml.v2"
  packages = ["."]
  pruneopts = "UT"
  revision = "0b1645d91e851e735d3e23330303ce81f70adbe3"
  version = "v2.3.0"

[[projects]]
  digest = "1:b43b67e24c8614526eb1e6a0966858e142e63e9738e2c2bff4294f91f1953f35"
  name = "honnef.co/go/tools"
  packages = [
    "arg",
    "cmd/staticcheck",
    "code",
    "config",
    "deprecated",
    "edit",
    "facts",
    "functions",
    "go/types/typeutil",
    "internal/cache",
    "internal/passes/buildir",
    "internal/renameio",
    "internal/robustio",
    "internal/sharedcheck",
    "ir",
    "ir/irutil",
    "lint",
    "lint/lintdsl",
    "lint/lintutil",
    "lint/lintutil/format",
    "loader",
    "pattern",
    "printf",
    "report",
    "simple",
    "staticcheck",
    "stylecheck",
    "unused",
    "version",
  ]
  pruneopts = "UT"
  revision = "e6faca53be3c685bf97e827e24e58ec9297f619e"
  version = "2020.1.5"

[solve-meta]
  analyzer-name = "dep"
  analyzer-version = 1
  input-imports = [
    "cloud.google.com/go/profiler",
    "github.com/DataDog/datadog-go/statsd",
    "github.com/alicebob/miniredis",
    "github.com/bsm/redislock",
    "github.com/davecgh/go-spew/spew",
    "github.com/envoyproxy/go-control-plane/envoy/api/v2/ratelimit",
    "github.com/envoyproxy/go-control-plane/envoy/service/ratelimit/v2",
    "github.com/go-redis/redis",
    "github.com/google/go-cmp/cmp",
    "github.com/hashicorp/golang-lru",
    "github.com/pkg/errors",
    "github.com/sirupsen/logrus",
    "google.golang.org/grpc",
    "google.golang.org/grpc/reflection",
    "gopkg.in/alecthomas/kingpin.v2",
    "gopkg.in/yaml.v2",
  ]
  solver-name = "gps-cdcl"
  solver-version = 1
